{
  "name": "lcp-solidity",
  "version": "0.1.0",
  "lockfileVersion": 2,
  "requires": true,
  "packages": {
    "": {
      "name": "lcp-solidity",
      "version": "0.1.0",
      "license": "Apache-2.0",
      "dependencies": {
        "@ensdomains/ens-contracts": "0.0.22",
        "@hyperledger-labs/yui-ibc-solidity": "git+https://github.com/hyperledger-labs/yui-ibc-solidity.git#v0.3.21",
        "@openzeppelin/contracts": "^4.8.0",
        "base64": "git+https://github.com/datachainlab/base64.git#4d85607b18d981acff392d2e99ba654305552a97",
        "solidity-datetime": "git+https://github.com/datachainlab/solidity-datetime.git#294fc244973cc5f9ec374713affde12c1403927c"
      }
    },
    "node_modules/@ensdomains/buffer": {
      "version": "0.1.1",
      "resolved": "https://registry.npmjs.org/@ensdomains/buffer/-/buffer-0.1.1.tgz",
      "integrity": "sha512-92SfSiNS8XorgU7OUBHo/i1ZU7JV7iz/6bKuLPNVsMxV79/eI7fJR6jfJJc40zAHjs3ha+Xo965Idomlq3rqnw=="
    },
    "node_modules/@ensdomains/ens-contracts": {
      "version": "0.0.22",
      "resolved": "https://registry.npmjs.org/@ensdomains/ens-contracts/-/ens-contracts-0.0.22.tgz",
      "integrity": "sha512-kNu7pp68/5KfJ5wkswnUS4NfI9Ek4zGi0nnNSmGf1WXs6BHU9NYRVR6NnoVzb1B+cZ658e1v2srTtvmBYYIYzg==",
      "dependencies": {
        "@ensdomains/buffer": "^0.1.1",
        "@ensdomains/solsha1": "0.0.3",
        "@openzeppelin/contracts": "^4.1.0",
        "dns-packet": "^5.3.0"
      }
    },
    "node_modules/@ensdomains/solsha1": {
      "version": "0.0.3",
      "resolved": "https://registry.npmjs.org/@ensdomains/solsha1/-/solsha1-0.0.3.tgz",
      "integrity": "sha512-uhuG5LzRt/UJC0Ux83cE2rCKwSleRePoYdQVcqPN1wyf3/ekMzT/KZUF9+v7/AG5w9jlMLCQkUM50vfjr0Yu9Q==",
      "dependencies": {
        "hash-test-vectors": "^1.3.2"
      }
    },
    "node_modules/@hyperledger-labs/yui-ibc-solidity": {
      "name": "ibc-solidity",
      "version": "0.1.0",
      "resolved": "git+ssh://git@github.com/hyperledger-labs/yui-ibc-solidity.git#ff30b684d95075f496c7d45010183dd793e8cdf0",
      "license": "Apache-2.0",
      "dependencies": {
        "@openzeppelin/contracts": "^4.8.3",
        "solidity-mpt": "^0.1.0",
        "solidity-rlp": "^2.0.8"
      }
    },
    "node_modules/@leichtgewicht/ip-codec": {
      "version": "2.0.4",
      "resolved": "https://registry.npmjs.org/@leichtgewicht/ip-codec/-/ip-codec-2.0.4.tgz",
      "integrity": "sha512-Hcv+nVC0kZnQ3tD9GVu5xSMR4VVYOteQIr/hwFPVEvPdlXqgGEuRjiheChHgdM+JyqdgNcmzZOX/tnl0JOiI7A=="
    },
    "node_modules/@openzeppelin/contracts": {
      "version": "4.9.5",
      "resolved": "https://registry.npmjs.org/@openzeppelin/contracts/-/contracts-4.9.5.tgz",
      "integrity": "sha512-ZK+W5mVhRppff9BE6YdR8CC52C8zAvsVAiWhEtQ5+oNxFE6h1WdeWo+FJSF8KKvtxxVYZ7MTP/5KoVpAU3aSWg=="
    },
    "node_modules/base64": {
      "name": "base64-sol",
      "version": "1.1.0",
      "resolved": "git+ssh://git@github.com/datachainlab/base64.git#4d85607b18d981acff392d2e99ba654305552a97",
      "integrity": "sha512-LqrwfCEdN8tzzWzhBNhT0QMXKj3CIKzyFQML/6xhjkxzGUjfZnVwJotLfFzJEAtHufXnrQRZUriZO40kQ7OXuQ==",
      "license": "MIT"
    },
    "node_modules/dns-packet": {
      "version": "5.6.1",
      "resolved": "https://registry.npmjs.org/dns-packet/-/dns-packet-5.6.1.tgz",
      "integrity": "sha512-l4gcSouhcgIKRvyy99RNVOgxXiicE+2jZoNmaNmZ6JXiGajBOJAesk1OBlJuM5k2c+eudGdLxDqXuPCKIj6kpw==",
      "dependencies": {
        "@leichtgewicht/ip-codec": "^2.0.1"
      },
      "engines": {
        "node": ">=6"
      }
    },
    "node_modules/hash-test-vectors": {
      "version": "1.3.2",
      "resolved": "https://registry.npmjs.org/hash-test-vectors/-/hash-test-vectors-1.3.2.tgz",
      "integrity": "sha512-PKd/fitmsrlWGh3OpKbgNLE04ZQZsvs1ZkuLoQpeIKuwx+6CYVNdW6LaPIS1QAdZvV40+skk0w4YomKnViUnvQ=="
    },
    "node_modules/solidity-datetime": {
      "name": "@quant-finance/solidity-datetime",
      "version": "2.2.0",
      "resolved": "git+ssh://git@github.com/datachainlab/solidity-datetime.git#294fc244973cc5f9ec374713affde12c1403927c",
      "integrity": "sha512-iO0EnqPKTzGCgQOkI9lerpJc0XKUhMNurSjHcA7p7nlP2K2z3U4kk9OC9eQkZUrdBtltft+kIibiDdIOYWuQMg==",
      "license": "MIT"
    },
    "node_modules/solidity-mpt": {
      "version": "0.1.0",
      "resolved": "https://registry.npmjs.org/solidity-mpt/-/solidity-mpt-0.1.0.tgz",
      "integrity": "sha512-HUBNy4VLkppgqkD5TQ0RVl0KX5G1eSZjmWDPUv9JJxOLqAZAzSqFe022L6vwv6yxZTN1Bf9mUUvNDCJcuzkqPA==",
      "dependencies": {
        "solidity-rlp": "^2.0.7"
      }
    },
    "node_modules/solidity-rlp": {
      "version": "2.0.8",
      "resolved": "https://registry.npmjs.org/solidity-rlp/-/solidity-rlp-2.0.8.tgz",
      "integrity": "sha512-gzYzHoFKRH1ydJeCfzm3z/BvKrZGK/V9+qbOlNbBcRAYeizjCdDNhLTTE8iIJrHqsRrZRSOo+7mhbnxoBoZvJQ=="
    }
  },
  "dependencies": {
    "@ensdomains/buffer": {
      "version": "0.1.1",
      "resolved": "https://registry.npmjs.org/@ensdomains/buffer/-/buffer-0.1.1.tgz",
      "integrity": "sha512-92SfSiNS8XorgU7OUBHo/i1ZU7JV7iz/6bKuLPNVsMxV79/eI7fJR6jfJJc40zAHjs3ha+Xo965Idomlq3rqnw=="
    },
    "@ensdomains/ens-contracts": {
      "version": "0.0.22",
      "resolved": "https://registry.npmjs.org/@ensdomains/ens-contracts/-/ens-contracts-0.0.22.tgz",
      "integrity": "sha512-kNu7pp68/5KfJ5wkswnUS4NfI9Ek4zGi0nnNSmGf1WXs6BHU9NYRVR6NnoVzb1B+cZ658e1v2srTtvmBYYIYzg==",
      "requires": {
        "@ensdomains/buffer": "^0.1.1",
        "@ensdomains/solsha1": "0.0.3",
        "@openzeppelin/contracts": "^4.1.0",
        "dns-packet": "^5.3.0"
      }
    },
    "@ensdomains/solsha1": {
      "version": "0.0.3",
      "resolved": "https://registry.npmjs.org/@ensdomains/solsha1/-/solsha1-0.0.3.tgz",
      "integrity": "sha512-uhuG5LzRt/UJC0Ux83cE2rCKwSleRePoYdQVcqPN1wyf3/ekMzT/KZUF9+v7/AG5w9jlMLCQkUM50vfjr0Yu9Q==",
      "requires": {
        "hash-test-vectors": "^1.3.2"
      }
    },
    "@hyperledger-labs/yui-ibc-solidity": {
      "version": "git+ssh://git@github.com/hyperledger-labs/yui-ibc-solidity.git#ff30b684d95075f496c7d45010183dd793e8cdf0",
      "from": "@hyperledger-labs/yui-ibc-solidity@git+https://github.com/hyperledger-labs/yui-ibc-solidity.git#v0.3.21",
      "requires": {
        "@openzeppelin/contracts": "^4.8.3",
        "solidity-mpt": "^0.1.0",
        "solidity-rlp": "^2.0.8"
      }
    },
    "@leichtgewicht/ip-codec": {
      "version": "2.0.4",
      "resolved": "https://registry.npmjs.org/@leichtgewicht/ip-codec/-/ip-codec-2.0.4.tgz",
      "integrity": "sha512-Hcv+nVC0kZnQ3tD9GVu5xSMR4VVYOteQIr/hwFPVEvPdlXqgGEuRjiheChHgdM+JyqdgNcmzZOX/tnl0JOiI7A=="
    },
    "@openzeppelin/contracts": {
      "version": "4.9.5",
      "resolved": "https://registry.npmjs.org/@openzeppelin/contracts/-/contracts-4.9.5.tgz",
      "integrity": "sha512-ZK+W5mVhRppff9BE6YdR8CC52C8zAvsVAiWhEtQ5+oNxFE6h1WdeWo+FJSF8KKvtxxVYZ7MTP/5KoVpAU3aSWg=="
    },
    "base64": {
      "version": "git+ssh://git@github.com/datachainlab/base64.git#4d85607b18d981acff392d2e99ba654305552a97",
      "integrity": "sha512-LqrwfCEdN8tzzWzhBNhT0QMXKj3CIKzyFQML/6xhjkxzGUjfZnVwJotLfFzJEAtHufXnrQRZUriZO40kQ7OXuQ==",
      "from": "base64@git+https://github.com/datachainlab/base64.git#4d85607b18d981acff392d2e99ba654305552a97"
    },
    "dns-packet": {
      "version": "5.6.1",
      "resolved": "https://registry.npmjs.org/dns-packet/-/dns-packet-5.6.1.tgz",
      "integrity": "sha512-l4gcSouhcgIKRvyy99RNVOgxXiicE+2jZoNmaNmZ6JXiGajBOJAesk1OBlJuM5k2c+eudGdLxDqXuPCKIj6kpw==",
      "requires": {
        "@leichtgewicht/ip-codec": "^2.0.1"
      }
    },
    "hash-test-vectors": {
      "version": "1.3.2",
      "resolved": "https://registry.npmjs.org/hash-test-vectors/-/hash-test-vectors-1.3.2.tgz",
      "integrity": "sha512-PKd/fitmsrlWGh3OpKbgNLE04ZQZsvs1ZkuLoQpeIKuwx+6CYVNdW6LaPIS1QAdZvV40+skk0w4YomKnViUnvQ=="
    },
    "solidity-datetime": {
      "version": "git+ssh://git@github.com/datachainlab/solidity-datetime.git#294fc244973cc5f9ec374713affde12c1403927c",
      "integrity": "sha512-iO0EnqPKTzGCgQOkI9lerpJc0XKUhMNurSjHcA7p7nlP2K2z3U4kk9OC9eQkZUrdBtltft+kIibiDdIOYWuQMg==",
      "from": "solidity-datetime@git+https://github.com/datachainlab/solidity-datetime.git#294fc244973cc5f9ec374713affde12c1403927c"
    },
    "solidity-mpt": {
      "version": "0.1.0",
      "resolved": "https://registry.npmjs.org/solidity-mpt/-/solidity-mpt-0.1.0.tgz",
      "integrity": "sha512-HUBNy4VLkppgqkD5TQ0RVl0KX5G1eSZjmWDPUv9JJxOLqAZAzSqFe022L6vwv6yxZTN1Bf9mUUvNDCJcuzkqPA==",
      "requires": {
        "solidity-rlp": "^2.0.7"
      }
    },
    "solidity-rlp": {
      "version": "2.0.8",
      "resolved": "https://registry.npmjs.org/solidity-rlp/-/solidity-rlp-2.0.8.tgz",
      "integrity": "sha512-gzYzHoFKRH1ydJeCfzm3z/BvKrZGK/V9+qbOlNbBcRAYeizjCdDNhLTTE8iIJrHqsRrZRSOo+7mhbnxoBoZvJQ=="
    }
  }
}
